
Microsoft Visual Studio Solution File, Format Version 12.00
# Visual Studio Version 16
VisualStudioVersion = 16.0.29911.84
MinimumVisualStudioVersion = 10.0.40219.1
Project("{9A19103F-16F7-4668-BE54-9A1E7A4F7556}") = "Yandex.Dj", "Yandex.Dj\Yandex.Dj.csproj", "{441F057E-FF33-4CA2-BBC9-2C3F54C8736D}"
EndProject
Project("{9A19103F-16F7-4668-BE54-9A1E7A4F7556}") = "Yandex.Music.Client", "..\Yandex.Music.Api\Yandex.Music.Client\Yandex.Music.Client.csproj", "{78265A7A-704F-4D62-ACD2-1AAA80CA9CA9}"
EndProject
Project("{9A19103F-16F7-4668-BE54-9A1E7A4F7556}") = "Yandex.Music.Api", "..\Yandex.Music.Api\Yandex.Music.Api\Yandex.Music.Api.csproj", "{1EDE01FA-448E-4D33-A656-A9144791013E}"
EndProject
Global
	GlobalSection(SolutionConfigurationPlatforms) = preSolution
		Debug|Any CPU = Debug|Any CPU
		Release|Any CPU = Release|Any CPU
	EndGlobalSection
	GlobalSection(ProjectConfigurationPlatforms) = postSolution
		{441F057E-FF33-4CA2-BBC9-2C3F54C8736D}.Debug|Any CPU.ActiveCfg = Debug|Any CPU
		{441F057E-FF33-4CA2-BBC9-2C3F54C8736D}.Debug|Any CPU.Build.0 = Debug|Any CPU
		{441F057E-FF33-4CA2-BBC9-2C3F54C8736D}.Release|Any CPU.ActiveCfg = Release|Any CPU
		{441F057E-FF33-4CA2-BBC9-2C3F54C8736D}.Release|Any CPU.Build.0 = Release|Any CPU
		{78265A7A-704F-4D62-ACD2-1AAA80CA9CA9}.Debug|Any CPU.ActiveCfg = Debug|Any CPU
		{78265A7A-704F-4D62-ACD2-1AAA80CA9CA9}.Debug|Any CPU.Build.0 = Debug|Any CPU
		{78265A7A-704F-4D62-ACD2-1AAA80CA9CA9}.Release|Any CPU.ActiveCfg = Release|Any CPU
		{78265A7A-704F-4D62-ACD2-1AAA80CA9CA9}.Release|Any CPU.Build.0 = Release|Any CPU
		{1EDE01FA-448E-4D33-A656-A9144791013E}.Debug|Any CPU.ActiveCfg = Debug|Any CPU
		{1EDE01FA-448E-4D33-A656-A9144791013E}.Debug|Any CPU.Build.0 = Debug|Any CPU
		{1EDE01FA-448E-4D33-A656-A9144791013E}.Release|Any CPU.ActiveCfg = Release|Any CPU
		{1EDE01FA-448E-4D33-A656-A9144791013E}.Release|Any CPU.Build.0 = Release|Any CPU
	EndGlobalSection
	GlobalSection(SolutionProperties) = preSolution
		HideSolutionNode = FALSE
	EndGlobalSection
	GlobalSection(ExtensibilityGlobals) = postSolution
		SolutionGuid = {C4B9DE19-0B44-48D2-A6FC-E39143751424}
	EndGlobalSection
EndGlobal
