
Microsoft Visual Studio Solution File, Format Version 12.00
# Visual Studio Version 16
VisualStudioVersion = 16.0.29911.84
MinimumVisualStudioVersion = 10.0.40219.1
Project("{9A19103F-16F7-4668-BE54-9A1E7A4F7556}") = "Yandex.Music.Api", "..\Yandex.Music.Api\Yandex.Music.Api\Yandex.Music.Api.csproj", "{E53BCE1B-5A2C-4260-B74C-CFC73FDFB92B}"
EndProject
Project("{9A19103F-16F7-4668-BE54-9A1E7A4F7556}") = "Yandex.Music.Api.Tests", "..\Yandex.Music.Api\Yandex.Music.Api.Tests\Yandex.Music.Api.Tests.csproj", "{4897BA02-D3CD-4140-8552-7BDD7847612A}"
EndProject
Project("{9A19103F-16F7-4668-BE54-9A1E7A4F7556}") = "Yandex.Dj", "Yandex.Dj\Yandex.Dj.csproj", "{441F057E-FF33-4CA2-BBC9-2C3F54C8736D}"
EndProject
Global
	GlobalSection(SolutionConfigurationPlatforms) = preSolution
		Debug|Any CPU = Debug|Any CPU
		Release|Any CPU = Release|Any CPU
	EndGlobalSection
	GlobalSection(ProjectConfigurationPlatforms) = postSolution
		{E53BCE1B-5A2C-4260-B74C-CFC73FDFB92B}.Debug|Any CPU.ActiveCfg = Debug|Any CPU
		{E53BCE1B-5A2C-4260-B74C-CFC73FDFB92B}.Debug|Any CPU.Build.0 = Debug|Any CPU
		{E53BCE1B-5A2C-4260-B74C-CFC73FDFB92B}.Release|Any CPU.ActiveCfg = Release|Any CPU
		{E53BCE1B-5A2C-4260-B74C-CFC73FDFB92B}.Release|Any CPU.Build.0 = Release|Any CPU
		{4897BA02-D3CD-4140-8552-7BDD7847612A}.Debug|Any CPU.ActiveCfg = Debug|Any CPU
		{4897BA02-D3CD-4140-8552-7BDD7847612A}.Debug|Any CPU.Build.0 = Debug|Any CPU
		{4897BA02-D3CD-4140-8552-7BDD7847612A}.Release|Any CPU.ActiveCfg = Release|Any CPU
		{4897BA02-D3CD-4140-8552-7BDD7847612A}.Release|Any CPU.Build.0 = Release|Any CPU
		{441F057E-FF33-4CA2-BBC9-2C3F54C8736D}.Debug|Any CPU.ActiveCfg = Debug|Any CPU
		{441F057E-FF33-4CA2-BBC9-2C3F54C8736D}.Debug|Any CPU.Build.0 = Debug|Any CPU
		{441F057E-FF33-4CA2-BBC9-2C3F54C8736D}.Release|Any CPU.ActiveCfg = Release|Any CPU
		{441F057E-FF33-4CA2-BBC9-2C3F54C8736D}.Release|Any CPU.Build.0 = Release|Any CPU
	EndGlobalSection
	GlobalSection(SolutionProperties) = preSolution
		HideSolutionNode = FALSE
	EndGlobalSection
	GlobalSection(ExtensibilityGlobals) = postSolution
		SolutionGuid = {C4B9DE19-0B44-48D2-A6FC-E39143751424}
	EndGlobalSection
EndGlobal
